
Microsoft Visual Studio Solution File, Format Version 12.00
# Visual Studio Version 17
VisualStudioVersion = 17.0.31903.59
MinimumVisualStudioVersion = 10.0.40219.1
Project("{FAE04EC0-301F-11D3-BF4B-00C04F79EFBC}") = "Vereesa.Core", "Vereesa.Core\Vereesa.Core.csproj", "{21299EE9-E529-48A6-A513-094DABF751BB}"
EndProject
Project("{FAE04EC0-301F-11D3-BF4B-00C04F79EFBC}") = "Vereesa.Awdeo", "Vereesa.Awdeo\Vereesa.Awdeo.csproj", "{8DD16B8D-7FC6-4C44-A0A8-738DD0265E51}"
EndProject
Project("{FAE04EC0-301F-11D3-BF4B-00C04F79EFBC}") = "Vereesa.Neon", "Vereesa.Neon\Vereesa.Neon.csproj", "{79195E87-E6DF-4700-8F4D-15FB73EE8C36}"
EndProject
Project("{FAE04EC0-301F-11D3-BF4B-00C04F79EFBC}") = "Vereesa.Neon.Data", "Vereesa.Neon.Data\Vereesa.Neon.Data.csproj", "{45D9AB1E-792E-4973-8766-8876E248CBB0}"
EndProject
Project("{FAE04EC0-301F-11D3-BF4B-00C04F79EFBC}") = "Vereesa.Neon.Tests", "Vereesa.Neon.Tests\Vereesa.Neon.Tests.csproj", "{04076DBE-2DAB-4674-9576-5A9D4BCC4110}"
EndProject
Project("{FAE04EC0-301F-11D3-BF4B-00C04F79EFBC}") = "Vereesa.Web", "Vereesa.Web\Vereesa.Web.csproj", "{68A53B00-7770-4CC3-BB51-E1EA16939908}"
EndProject
Global
	GlobalSection(SolutionConfigurationPlatforms) = preSolution
		Debug|Any CPU = Debug|Any CPU
		Release|Any CPU = Release|Any CPU
	EndGlobalSection
	GlobalSection(SolutionProperties) = preSolution
		HideSolutionNode = FALSE
	EndGlobalSection
	GlobalSection(ProjectConfigurationPlatforms) = postSolution
		{21299EE9-E529-48A6-A513-094DABF751BB}.Debug|Any CPU.ActiveCfg = Debug|Any CPU
		{21299EE9-E529-48A6-A513-094DABF751BB}.Debug|Any CPU.Build.0 = Debug|Any CPU
		{21299EE9-E529-48A6-A513-094DABF751BB}.Release|Any CPU.ActiveCfg = Release|Any CPU
		{21299EE9-E529-48A6-A513-094DABF751BB}.Release|Any CPU.Build.0 = Release|Any CPU
		{8DD16B8D-7FC6-4C44-A0A8-738DD0265E51}.Debug|Any CPU.ActiveCfg = Debug|Any CPU
		{8DD16B8D-7FC6-4C44-A0A8-738DD0265E51}.Debug|Any CPU.Build.0 = Debug|Any CPU
		{8DD16B8D-7FC6-4C44-A0A8-738DD0265E51}.Release|Any CPU.ActiveCfg = Release|Any CPU
		{8DD16B8D-7FC6-4C44-A0A8-738DD0265E51}.Release|Any CPU.Build.0 = Release|Any CPU
		{79195E87-E6DF-4700-8F4D-15FB73EE8C36}.Debug|Any CPU.ActiveCfg = Debug|Any CPU
		{79195E87-E6DF-4700-8F4D-15FB73EE8C36}.Debug|Any CPU.Build.0 = Debug|Any CPU
		{79195E87-E6DF-4700-8F4D-15FB73EE8C36}.Release|Any CPU.ActiveCfg = Release|Any CPU
		{79195E87-E6DF-4700-8F4D-15FB73EE8C36}.Release|Any CPU.Build.0 = Release|Any CPU
		{45D9AB1E-792E-4973-8766-8876E248CBB0}.Debug|Any CPU.ActiveCfg = Debug|Any CPU
		{45D9AB1E-792E-4973-8766-8876E248CBB0}.Debug|Any CPU.Build.0 = Debug|Any CPU
		{45D9AB1E-792E-4973-8766-8876E248CBB0}.Release|Any CPU.ActiveCfg = Release|Any CPU
		{45D9AB1E-792E-4973-8766-8876E248CBB0}.Release|Any CPU.Build.0 = Release|Any CPU
		{04076DBE-2DAB-4674-9576-5A9D4BCC4110}.Debug|Any CPU.ActiveCfg = Debug|Any CPU
		{04076DBE-2DAB-4674-9576-5A9D4BCC4110}.Debug|Any CPU.Build.0 = Debug|Any CPU
		{04076DBE-2DAB-4674-9576-5A9D4BCC4110}.Release|Any CPU.ActiveCfg = Release|Any CPU
		{04076DBE-2DAB-4674-9576-5A9D4BCC4110}.Release|Any CPU.Build.0 = Release|Any CPU
		{68A53B00-7770-4CC3-BB51-E1EA16939908}.Debug|Any CPU.ActiveCfg = Debug|Any CPU
		{68A53B00-7770-4CC3-BB51-E1EA16939908}.Debug|Any CPU.Build.0 = Debug|Any CPU
		{68A53B00-7770-4CC3-BB51-E1EA16939908}.Release|Any CPU.ActiveCfg = Release|Any CPU
		{68A53B00-7770-4CC3-BB51-E1EA16939908}.Release|Any CPU.Build.0 = Release|Any CPU
	EndGlobalSection
EndGlobal
